
Microsoft Visual Studio Solution File, Format Version 12.00
# Visual Studio Version 16
VisualStudioVersion = 25.0.1705.4
MinimumVisualStudioVersion = 10.0.40219.1
Project("{FAE04EC0-301F-11D3-BF4B-00C04F79EFBC}") = "csharp-gestore-eventi", "csharp-gestore-eventi\csharp-gestore-eventi.csproj", "{AC3B3D45-19EF-4E28-828C-10178D0D0743}"
EndProject
Global
	GlobalSection(SolutionConfigurationPlatforms) = preSolution
		Debug|Any CPU = Debug|Any CPU
		Release|Any CPU = Release|Any CPU
	EndGlobalSection
	GlobalSection(ProjectConfigurationPlatforms) = postSolution
		{AC3B3D45-19EF-4E28-828C-10178D0D0743}.Debug|Any CPU.ActiveCfg = Debug|Any CPU
		{AC3B3D45-19EF-4E28-828C-10178D0D0743}.Debug|Any CPU.Build.0 = Debug|Any CPU
		{AC3B3D45-19EF-4E28-828C-10178D0D0743}.Release|Any CPU.ActiveCfg = Release|Any CPU
		{AC3B3D45-19EF-4E28-828C-10178D0D0743}.Release|Any CPU.Build.0 = Release|Any CPU
	EndGlobalSection
	GlobalSection(SolutionProperties) = preSolution
		HideSolutionNode = FALSE
	EndGlobalSection
	GlobalSection(ExtensibilityGlobals) = postSolution
		SolutionGuid = {6D4BB5EF-E222-4C16-9722-9BEEC8F01D8D}
	EndGlobalSection
EndGlobal
